
Microsoft Visual Studio Solution File, Format Version 12.00
# Visual Studio 15
VisualStudioVersion = 15.0.26228.4
MinimumVisualStudioVersion = 10.0.40219.1
Project("{9A19103F-16F7-4668-BE54-9A1E7A4F7556}") = "AspNetIdentityDemo", "AspNetIdentityDemo\AspNetIdentityDemo.csproj", "{5A5F67C3-C245-4CD3-B45B-D92EC04AAE43}"
EndProject
Project("{9A19103F-16F7-4668-BE54-9A1E7A4F7556}") = "MvcClient", "MvcClient\MvcClient.csproj", "{0296D816-DAEE-46C5-8912-5A9010F896EE}"
EndProject
Global
	GlobalSection(SolutionConfigurationPlatforms) = preSolution
		Debug|Any CPU = Debug|Any CPU
		Release|Any CPU = Release|Any CPU
	EndGlobalSection
	GlobalSection(ProjectConfigurationPlatforms) = postSolution
		{5A5F67C3-C245-4CD3-B45B-D92EC04AAE43}.Debug|Any CPU.ActiveCfg = Debug|Any CPU
		{5A5F67C3-C245-4CD3-B45B-D92EC04AAE43}.Debug|Any CPU.Build.0 = Debug|Any CPU
		{5A5F67C3-C245-4CD3-B45B-D92EC04AAE43}.Release|Any CPU.ActiveCfg = Release|Any CPU
		{5A5F67C3-C245-4CD3-B45B-D92EC04AAE43}.Release|Any CPU.Build.0 = Release|Any CPU
		{0296D816-DAEE-46C5-8912-5A9010F896EE}.Debug|Any CPU.ActiveCfg = Debug|Any CPU
		{0296D816-DAEE-46C5-8912-5A9010F896EE}.Debug|Any CPU.Build.0 = Debug|Any CPU
		{0296D816-DAEE-46C5-8912-5A9010F896EE}.Release|Any CPU.ActiveCfg = Release|Any CPU
		{0296D816-DAEE-46C5-8912-5A9010F896EE}.Release|Any CPU.Build.0 = Release|Any CPU
	EndGlobalSection
	GlobalSection(SolutionProperties) = preSolution
		HideSolutionNode = FALSE
	EndGlobalSection
EndGlobal
